# This file is automatically @generated by Cargo.
# It is not intended for manual editing.
version = 3

[[package]]
name = "clippy"
version = "0.1.0"

[[package]]
name = "default-trait"
version = "0.1.0"

[[package]]
name = "errors"
version = "0.1.0"

[[package]]
name = "fibonacci"
version = "0.1.0"

[[package]]
name = "iterator-ex"
version = "0.1.0"

[[package]]
name = "progress"
version = "0.1.0"
